{
  "lockfileVersion": 2,
  "configVersion": 1,
  "workspaces": {
    "": {
      "name": "@sorokchat-messenger/contracts",
      "devDependencies": {
        "@sorokchat-messenger/core": "^1.0.0",
        "prettier": "^3.9.6",
      },
    },
  },
  "packages": {
    "@sorokchat-messenger/core": ["@sorokchat-messenger/core@1.0.0", "", { "peerDependencies": { "prettier": "^3.9.6" } }, "sha512-DxKnCJ4u4TEpU25DAiuXOdY3miI8WelEzxlvCKZJbhdhwXtdqfsnl6W8dRp3HQpiE3xDZqWImkB8TmiBN31/sQ=="],

    "prettier": ["prettier@3.9.6", "", { "bin": { "prettier": "bin/prettier.cjs" } }, "sha512-OpN0zzVdiaiAhxpuuj5efpIS4sY9j7bY6uR5mnj5yPzGkdkjNKSJeUThPb60Jw29QuAZgA4o+/iB49kFiaBX6g=="],
  }
}
