{
  "lockfileVersion": 2,
  "configVersion": 1,
  "workspaces": {
    "": {
      "name": "@sorokchat-messenger/contracts",
      "dependencies": {
        "reflect-metadata": "^0.2.2",
        "zod": "^4.5.4",
      },
      "devDependencies": {
        "@sorokchat-messenger/core": "^1.0.0",
        "prettier": "^3.9.6",
      },
    },
  },
  "packages": {
    "@sorokchat-messenger/core": ["@sorokchat-messenger/core@1.0.0", "", { "peerDependencies": { "prettier": "^3.9.6" } }, "sha512-DxKnCJ4u4TEpU25DAiuXOdY3miI8WelEzxlvCKZJbhdhwXtdqfsnl6W8dRp3HQpiE3xDZqWImkB8TmiBN31/sQ=="],

    "prettier": ["prettier@3.9.6", "", { "bin": { "prettier": "bin/prettier.cjs" } }, "sha512-OpN0zzVdiaiAhxpuuj5efpIS4sY9j7bY6uR5mnj5yPzGkdkjNKSJeUThPb60Jw29QuAZgA4o+/iB49kFiaBX6g=="],

    "reflect-metadata": ["reflect-metadata@0.2.2", "", {}, "sha512-urBwgfrvVP/eAyXx4hluJivBKzuEbSQs9rKWCrCkbSxNv8mxPcUZKeuoF3Uy4mJl3Lwprp6yy5/39VWigZ4K6Q=="],

    "zod": ["zod@4.5.4", "", {}, "sha512-sC95tT5iHHH9gtpj6A81kh+NEaRAUFN+qlUPDUbRfOMvNf5QCBqsb3WgvnpVtK5Y+4UfA6KqufotuTvMGiTlsA=="],
  }
}
